
Microsoft Visual Studio Solution File, Format Version 12.00
# Visual Studio Version 17
VisualStudioVersion = 17.5.33530.505
MinimumVisualStudioVersion = 10.0.40219.1
Project("{9A19103F-16F7-4668-BE54-9A1E7A4F7556}") = "API_JoinIn", "API_JoinIn\API_JoinIn.csproj", "{AD7B3854-C07D-46A7-948C-E34ADB367D67}"
EndProject
Project("{9A19103F-16F7-4668-BE54-9A1E7A4F7556}") = "BusinessObject", "BusinessObject\BusinessObject.csproj", "{7340AC3A-E46F-4ABE-9969-6C9576C3AB6C}"
EndProject
Project("{9A19103F-16F7-4668-BE54-9A1E7A4F7556}") = "DataAccess", "DataAccess\DataAccess.csproj", "{A36D90DB-61FE-494D-A563-50995C643F98}"
EndProject
Global
	GlobalSection(SolutionConfigurationPlatforms) = preSolution
		Debug|Any CPU = Debug|Any CPU
		Release|Any CPU = Release|Any CPU
	EndGlobalSection
	GlobalSection(ProjectConfigurationPlatforms) = postSolution
		{AD7B3854-C07D-46A7-948C-E34ADB367D67}.Debug|Any CPU.ActiveCfg = Debug|Any CPU
		{AD7B3854-C07D-46A7-948C-E34ADB367D67}.Debug|Any CPU.Build.0 = Debug|Any CPU
		{AD7B3854-C07D-46A7-948C-E34ADB367D67}.Release|Any CPU.ActiveCfg = Release|Any CPU
		{AD7B3854-C07D-46A7-948C-E34ADB367D67}.Release|Any CPU.Build.0 = Release|Any CPU
		{7340AC3A-E46F-4ABE-9969-6C9576C3AB6C}.Debug|Any CPU.ActiveCfg = Debug|Any CPU
		{7340AC3A-E46F-4ABE-9969-6C9576C3AB6C}.Debug|Any CPU.Build.0 = Debug|Any CPU
		{7340AC3A-E46F-4ABE-9969-6C9576C3AB6C}.Release|Any CPU.ActiveCfg = Release|Any CPU
		{7340AC3A-E46F-4ABE-9969-6C9576C3AB6C}.Release|Any CPU.Build.0 = Release|Any CPU
		{A36D90DB-61FE-494D-A563-50995C643F98}.Debug|Any CPU.ActiveCfg = Debug|Any CPU
		{A36D90DB-61FE-494D-A563-50995C643F98}.Debug|Any CPU.Build.0 = Debug|Any CPU
		{A36D90DB-61FE-494D-A563-50995C643F98}.Release|Any CPU.ActiveCfg = Release|Any CPU
		{A36D90DB-61FE-494D-A563-50995C643F98}.Release|Any CPU.Build.0 = Release|Any CPU
	EndGlobalSection
	GlobalSection(SolutionProperties) = preSolution
		HideSolutionNode = FALSE
	EndGlobalSection
	GlobalSection(ExtensibilityGlobals) = postSolution
		SolutionGuid = {0DCF166C-233A-45A1-9A12-9F9ED75DD927}
	EndGlobalSection
EndGlobal
